
Microsoft Visual Studio Solution File, Format Version 12.00
# Visual Studio Version 16
VisualStudioVersion = 16.0.30011.22
MinimumVisualStudioVersion = 10.0.40219.1
Project("{FAE04EC0-301F-11D3-BF4B-00C04F79EFBC}") = "lesson 7", "lesson 7\lesson 7.csproj", "{67187969-6110-4349-B84F-38BC3D435DE2}"
EndProject
Global
	GlobalSection(SolutionConfigurationPlatforms) = preSolution
		Debug|Any CPU = Debug|Any CPU
		Release|Any CPU = Release|Any CPU
	EndGlobalSection
	GlobalSection(ProjectConfigurationPlatforms) = postSolution
		{67187969-6110-4349-B84F-38BC3D435DE2}.Debug|Any CPU.ActiveCfg = Debug|Any CPU
		{67187969-6110-4349-B84F-38BC3D435DE2}.Debug|Any CPU.Build.0 = Debug|Any CPU
		{67187969-6110-4349-B84F-38BC3D435DE2}.Release|Any CPU.ActiveCfg = Release|Any CPU
		{67187969-6110-4349-B84F-38BC3D435DE2}.Release|Any CPU.Build.0 = Release|Any CPU
	EndGlobalSection
	GlobalSection(SolutionProperties) = preSolution
		HideSolutionNode = FALSE
	EndGlobalSection
	GlobalSection(ExtensibilityGlobals) = postSolution
		SolutionGuid = {1806FF9D-4545-4825-BF58-DA6EDA926FBC}
	EndGlobalSection
EndGlobal
